// !$*UTF8*$!
{
	archiveVersion = 1;
	classes = {
	};
	objectVersion = 77;
	objects = {

/* Begin PBXContainerItemProxy section */
		307DFF602F65495300B3C4E4 /* PBXContainerItemProxy */ = {
			isa = PBXContainerItemProxy;
			containerPortal = 307DFF452F65494F00B3C4E4 /* Project object */;
			proxyType = 1;
			remoteGlobalIDString = 307DFF4C2F65494F00B3C4E4;
			remoteInfo = Odiya_Kitchen;
		};
		307DFF6A2F65495400B3C4E4 /* PBXContainerItemProxy */ = {
			isa = PBXContainerItemProxy;
			containerPortal = 307DFF452F65494F00B3C4E4 /* Project object */;
			proxyType = 1;
			remoteGlobalIDString = 307DFF4C2F65494F00B3C4E4;
			remoteInfo = Odiya_Kitchen;
		};
/* End PBXContainerItemProxy section */

/* Begin PBXFileReference section */
		307DFF4D2F65494F00B3C4E4 /* Odiya_Kitchen.app */ = {isa = PBXFileReference; explicitFileType = wrapper.application; includeInIndex = 0; path = Odiya_Kitchen.app; sourceTree = BUILT_PRODUCTS_DIR; };
		307DFF5F2F65495300B3C4E4 /* Odiya_KitchenTests.xctest */ = {isa = PBXFileReference; explicitFileType = wrapper.cfbundle; includeInIndex = 0; path = Odiya_KitchenTests.xctest; sourceTree = BUILT_PRODUCTS_DIR; };
		307DFF692F65495400B3C4E4 /* Odiya_KitchenUITests.xctest */ = {isa = PBXFileReference; explicitFileType = wrapper.cfbundle; includeInIndex = 0; path = Odiya_KitchenUITests.xctest; sourceTree = BUILT_PRODUCTS_DIR; };
/* End PBXFileReference section */

/* Begin PBXFileSystemSynchronizedRootGroup section */
		307DFF4F2F65494F00B3C4E4 /* Odiya_Kitchen */ = {
			isa = PBXFileSystemSynchronizedRootGroup;
			path = Odiya_Kitchen;
			sourceTree = "<group>";
		};
		307DFF622F65495300B3C4E4 /* Odiya_KitchenTests */ = {
			isa = PBXFileSystemSynchronizedRootGroup;
			path = Odiya_KitchenTests;
			sourceTree = "<group>";
		};
		307DFF6C2F65495400B3C4E4 /* Odiya_KitchenUITests */ = {
			isa = PBXFileSystemSynchronizedRootGroup;
			path = Odiya_KitchenUITests;
			sourceTree = "<group>";
		};
/* End PBXFileSystemSynchronizedRootGroup section */

/* Begin PBXFrameworksBuildPhase section */
		307DFF4A2F65494F00B3C4E4 /* Frameworks */ = {
			isa = PBXFrameworksBuildPhase;
			buildActionMask = 2147483647;
			files = (
			);
			runOnlyForDeploymentPostprocessing = 0;
		};
		307DFF5C2F65495300B3C4E4 /* Frameworks */ = {
			isa = PBXFrameworksBuildPhase;
			buildActionMask = 2147483647;
			files = (
			);
			runOnlyForDeploymentPostprocessing = 0;
		};
		307DFF662F65495400B3C4E4 /* Frameworks */ = {
			isa = PBXFrameworksBuildPhase;
			buildActionMask = 2147483647;
			files = (
			);
			runOnlyForDeploymentPostprocessing = 0;
		};
/* End PBXFrameworksBuildPhase section */

/* Begin PBXGroup section */
		307DFF442F65494F00B3C4E4 = {
			isa = PBXGroup;
			children = (
				307DFF4F2F65494F00B3C4E4 /* Odiya_Kitchen */,
				307DFF622F65495300B3C4E4 /* Odiya_KitchenTests */,
				307DFF6C2F65495400B3C4E4 /* Odiya_KitchenUITests */,
				307DFF4E2F65494F00B3C4E4 /* Products */,
			);
			sourceTree = "<group>";
		};
		307DFF4E2F65494F00B3C4E4 /* Products */ = {
			isa = PBXGroup;
			children = (
				307DFF4D2F65494F00B3C4E4 /* Odiya_Kitchen.app */,
				307DFF5F2F65495300B3C4E4 /* Odiya_KitchenTests.xctest */,
				307DFF692F65495400B3C4E4 /* Odiya_KitchenUITests.xctest */,
			);
			name = Products;
			sourceTree = "<group>";
		};
/* End PBXGroup section */

/* Begin PBXNativeTarget section */
		307DFF4C2F65494F00B3C4E4 /* Odiya_Kitchen */ = {
			isa = PBXNativeTarget;
			buildConfigurationList = 307DFF732F65495400B3C4E4 /* Build configuration list for PBXNativeTarget "Odiya_Kitchen" */;
			buildPhases = (
				307DFF492F65494F00B3C4E4 /* Sources */,
				307DFF4A2F65494F00B3C4E4 /* Frameworks */,
				307DFF4B2F65494F00B3C4E4 /* Resources */,
			);
			buildRules = (
			);
			dependencies = (
			);
			fileSystemSynchronizedGroups = (
				307DFF4F2F65494F00B3C4E4 /* Odiya_Kitchen */,
			);
			name = Odiya_Kitchen;
			packageProductDependencies = (
			);
			productName = Odiya_Kitchen;
			productReference = 307DFF4D2F65494F00B3C4E4 /* Odiya_Kitchen.app */;
			productType = "com.apple.product-type.application";
		};
		307DFF5E2F65495300B3C4E4 /* Odiya_KitchenTests */ = {
			isa = PBXNativeTarget;
			buildConfigurationList = 307DFF762F65495400B3C4E4 /* Build configuration list for PBXNativeTarget "Odiya_KitchenTests" */;
			buildPhases = (
				307DFF5B2F65495300B3C4E4 /* Sources */,
				307DFF5C2F65495300B3C4E4 /* Frameworks */,
				307DFF5D2F65495300B3C4E4 /* Resources */,
			);
			buildRules = (
			);
			dependencies = (
				307DFF612F65495300B3C4E4 /* PBXTargetDependency */,
			);
			fileSystemSynchronizedGroups = (
				307DFF622F65495300B3C4E4 /* Odiya_KitchenTests */,
			);
			name = Odiya_KitchenTests;
			packageProductDependencies = (
			);
			productName = Odiya_KitchenTests;
			productReference = 307DFF5F2F65495300B3C4E4 /* Odiya_KitchenTests.xctest */;
			productType = "com.apple.product-type.bundle.unit-test";
		};
		307DFF682F65495400B3C4E4 /* Odiya_KitchenUITests */ = {
			isa = PBXNativeTarget;
			buildConfigurationList = 307DFF792F65495400B3C4E4 /* Build configuration list for PBXNativeTarget "Odiya_KitchenUITests" */;
			buildPhases = (
				307DFF652F65495400B3C4E4 /* Sources */,
				307DFF662F65495400B3C4E4 /* Frameworks */,
				307DFF672F65495400B3C4E4 /* Resources */,
			);
			buildRules = (
			);
			dependencies = (
				307DFF6B2F65495400B3C4E4 /* PBXTargetDependency */,
			);
			fileSystemSynchronizedGroups = (
				307DFF6C2F65495400B3C4E4 /* Odiya_KitchenUITests */,
			);
			name = Odiya_KitchenUITests;
			packageProductDependencies = (
			);
			productName = Odiya_KitchenUITests;
			productReference = 307DFF692F65495400B3C4E4 /* Odiya_KitchenUITests.xctest */;
			productType = "com.apple.product-type.bundle.ui-testing";
		};
/* End PBXNativeTarget section */

/* Begin PBXProject section */
		307DFF452F65494F00B3C4E4 /* Project object */ = {
			isa = PBXProject;
			attributes = {
				BuildIndependentTargetsInParallel = 1;
				LastSwiftUpdateCheck = 1640;
				LastUpgradeCheck = 1640;
				TargetAttributes = {
					307DFF4C2F65494F00B3C4E4 = {
						CreatedOnToolsVersion = 16.4;
					};
					307DFF5E2F65495300B3C4E4 = {
						CreatedOnToolsVersion = 16.4;
						TestTargetID = 307DFF4C2F65494F00B3C4E4;
					};
					307DFF682F65495400B3C4E4 = {
						CreatedOnToolsVersion = 16.4;
						TestTargetID = 307DFF4C2F65494F00B3C4E4;
					};
				};
			};
			buildConfigurationList = 307DFF482F65494F00B3C4E4 /* Build configuration list for PBXProject "Odiya_Kitchen" */;
			developmentRegion = en;
			hasScannedForEncodings = 0;
			knownRegions = (
				en,
				Base,
			);
			mainGroup = 307DFF442F65494F00B3C4E4;
			minimizedProjectReferenceProxies = 1;
			preferredProjectObjectVersion = 77;
			productRefGroup = 307DFF4E2F65494F00B3C4E4 /* Products */;
			projectDirPath = "";
			projectRoot = "";
			targets = (
				307DFF4C2F65494F00B3C4E4 /* Odiya_Kitchen */,
				307DFF5E2F65495300B3C4E4 /* Odiya_KitchenTests */,
				307DFF682F65495400B3C4E4 /* Odiya_KitchenUITests */,
			);
		};
/* End PBXProject section */

/* Begin PBXResourcesBuildPhase section */
		307DFF4B2F65494F00B3C4E4 /* Resources */ = {
			isa = PBXResourcesBuildPhase;
			buildActionMask = 2147483647;
			files = (
			);
			runOnlyForDeploymentPostprocessing = 0;
		};
		307DFF5D2F65495300B3C4E4 /* Resources */ = {
			isa = PBXResourcesBuildPhase;
			buildActionMask = 2147483647;
			files = (
			);
			runOnlyForDeploymentPostprocessing = 0;
		};
		307DFF672F65495400B3C4E4 /* Resources */ = {
			isa = PBXResourcesBuildPhase;
			buildActionMask = 2147483647;
			files = (
			);
			runOnlyForDeploymentPostprocessing = 0;
		};
/* End PBXResourcesBuildPhase section */

/* Begin PBXSourcesBuildPhase section */
		307DFF492F65494F00B3C4E4 /* Sources */ = {
			isa = PBXSourcesBuildPhase;
			buildActionMask = 2147483647;
			files = (
			);
			runOnlyForDeploymentPostprocessing = 0;
		};
		307DFF5B2F65495300B3C4E4 /* Sources */ = {
			isa = PBXSourcesBuildPhase;
			buildActionMask = 2147483647;
			files = (
			);
			runOnlyForDeploymentPostprocessing = 0;
		};
		307DFF652F65495400B3C4E4 /* Sources */ = {
			isa = PBXSourcesBuildPhase;
			buildActionMask = 2147483647;
			files = (
			);
			runOnlyForDeploymentPostprocessing = 0;
		};
/* End PBXSourcesBuildPhase section */

/* Begin PBXTargetDependency section */
		307DFF612F65495300B3C4E4 /* PBXTargetDependency */ = {
			isa = PBXTargetDependency;
			target = 307DFF4C2F65494F00B3C4E4 /* Odiya_Kitchen */;
			targetProxy = 307DFF602F65495300B3C4E4 /* PBXContainerItemProxy */;
		};
		307DFF6B2F65495400B3C4E4 /* PBXTargetDependency */ = {
			isa = PBXTargetDependency;
			target = 307DFF4C2F65494F00B3C4E4 /* Odiya_Kitchen */;
			targetProxy = 307DFF6A2F65495400B3C4E4 /* PBXContainerItemProxy */;
		};
/* End PBXTargetDependency section */

/* Begin XCBuildConfiguration section */
		307DFF712F65495400B3C4E4 /* Debug */ = {
			isa = XCBuildConfiguration;
			buildSettings = {
				ALWAYS_SEARCH_USER_PATHS = NO;
				ASSETCATALOG_COMPILER_GENERATE_SWIFT_ASSET_SYMBOL_EXTENSIONS = YES;
				CLANG_ANALYZER_NONNULL = YES;
				CLANG_ANALYZER_NUMBER_OBJECT_CONVERSION = YES_AGGRESSIVE;
				CLANG_CXX_LANGUAGE_STANDARD = "gnu++20";
				CLANG_ENABLE_MODULES = YES;
				CLANG_ENABLE_OBJC_ARC = YES;
				CLANG_ENABLE_OBJC_WEAK = YES;
				CLANG_WARN_BLOCK_CAPTURE_AUTORELEASING = YES;
				CLANG_WARN_BOOL_CONVERSION = YES;
				CLANG_WARN_COMMA = YES;
				CLANG_WARN_CONSTANT_CONVERSION = YES;
				CLANG_WARN_DEPRECATED_OBJC_IMPLEMENTATIONS = YES;
				CLANG_WARN_DIRECT_OBJC_ISA_USAGE = YES_ERROR;
				CLANG_WARN_DOCUMENTATION_COMMENTS = YES;
				CLANG_WARN_EMPTY_BODY = YES;
				CLANG_WARN_ENUM_CONVERSION = YES;
				CLANG_WARN_INFINITE_RECURSION = YES;
				CLANG_WARN_INT_CONVERSION = YES;
				CLANG_WARN_NON_LITERAL_NULL_CONVERSION = YES;
				CLANG_WARN_OBJC_IMPLICIT_RETAIN_SELF = YES;
				CLANG_WARN_OBJC_LITERAL_CONVERSION = YES;
				CLANG_WARN_OBJC_ROOT_CLASS = YES_ERROR;
				CLANG_WARN_QUOTED_INCLUDE_IN_FRAMEWORK_HEADER = YES;
				CLANG_WARN_RANGE_LOOP_ANALYSIS = YES;
				CLANG_WARN_STRICT_PROTOTYPES = YES;
				CLANG_WARN_SUSPICIOUS_MOVE = YES;
				CLANG_WARN_UNGUARDED_AVAILABILITY = YES_AGGRESSIVE;
				CLANG_WARN_UNREACHABLE_CODE = YES;
				CLANG_WARN__DUPLICATE_METHOD_MATCH = YES;
				COPY_PHASE_STRIP = NO;
				DEBUG_INFORMATION_FORMAT = dwarf;
				ENABLE_STRICT_OBJC_MSGSEND = YES;
				ENABLE_TESTABILITY = YES;
				ENABLE_USER_SCRIPT_SANDBOXING = YES;
				GCC_C_LANGUAGE_STANDARD = gnu17;
				GCC_DYNAMIC_NO_PIC = NO;
				GCC_NO_COMMON_BLOCKS = YES;
				GCC_OPTIMIZATION_LEVEL = 0;
				GCC_PREPROCESSOR_DEFINITIONS = (
					"DEBUG=1",
					"$(inherited)",
				);
				GCC_WARN_64_TO_32_BIT_CONVERSION = YES;
				GCC_WARN_ABOUT_RETURN_TYPE = YES_ERROR;
				GCC_WARN_UNDECLARED_SELECTOR = YES;
				GCC_WARN_UNINITIALIZED_AUTOS = YES_AGGRESSIVE;
				GCC_WARN_UNUSED_FUNCTION = YES;
				GCC_WARN_UNUSED_VARIABLE = YES;
				IPHONEOS_DEPLOYMENT_TARGET = 18.5;
				LOCALIZATION_PREFERS_STRING_CATALOGS = YES;
				MTL_ENABLE_DEBUG_INFO = INCLUDE_SOURCE;
				MTL_FAST_MATH = YES;
				ONLY_ACTIVE_ARCH = YES;
				SDKROOT = iphoneos;
				SWIFT_ACTIVE_COMPILATION_CONDITIONS = "DEBUG $(inherited)";
				SWIFT_OPTIMIZATION_LEVEL = "-Onone";
			};
			name = Debug;
		};
		307DFF722F65495400B3C4E4 /* Release */ = {
			isa = XCBuildConfiguration;
			buildSettings = {
				ALWAYS_SEARCH_USER_PATHS = NO;
				ASSETCATALOG_COMPILER_GENERATE_SWIFT_ASSET_SYMBOL_EXTENSIONS = YES;
				CLANG_ANALYZER_NONNULL = YES;
				CLANG_ANALYZER_NUMBER_OBJECT_CONVERSION = YES_AGGRESSIVE;
				CLANG_CXX_LANGUAGE_STANDARD = "gnu++20";
				CLANG_ENABLE_MODULES = YES;
				CLANG_ENABLE_OBJC_ARC = YES;
				CLANG_ENABLE_OBJC_WEAK = YES;
				CLANG_WARN_BLOCK_CAPTURE_AUTORELEASING = YES;
				CLANG_WARN_BOOL_CONVERSION = YES;
				CLANG_WARN_COMMA = YES;
				CLANG_WARN_CONSTANT_CONVERSION = YES;
				CLANG_WARN_DEPRECATED_OBJC_IMPLEMENTATIONS = YES;
				CLANG_WARN_DIRECT_OBJC_ISA_USAGE = YES_ERROR;
				CLANG_WARN_DOCUMENTATION_COMMENTS = YES;
				CLANG_WARN_EMPTY_BODY = YES;
				CLANG_WARN_ENUM_CONVERSION = YES;
				CLANG_WARN_INFINITE_RECURSION = YES;
				CLANG_WARN_INT_CONVERSION = YES;
				CLANG_WARN_NON_LITERAL_NULL_CONVERSION = YES;
				CLANG_WARN_OBJC_IMPLICIT_RETAIN_SELF = YES;
				CLANG_WARN_OBJC_LITERAL_CONVERSION = YES;
				CLANG_WARN_OBJC_ROOT_CLASS = YES_ERROR;
				CLANG_WARN_QUOTED_INCLUDE_IN_FRAMEWORK_HEADER = YES;
				CLANG_WARN_RANGE_LOOP_ANALYSIS = YES;
				CLANG_WARN_STRICT_PROTOTYPES = YES;
				CLANG_WARN_SUSPICIOUS_MOVE = YES;
				CLANG_WARN_UNGUARDED_AVAILABILITY = YES_AGGRESSIVE;
				CLANG_WARN_UNREACHABLE_CODE = YES;
				CLANG_WARN__DUPLICATE_METHOD_MATCH = YES;
				COPY_PHASE_STRIP = NO;
				DEBUG_INFORMATION_FORMAT = "dwarf-with-dsym";
				ENABLE_NS_ASSERTIONS = NO;
				ENABLE_STRICT_OBJC_MSGSEND = YES;
				ENABLE_USER_SCRIPT_SANDBOXING = YES;
				GCC_C_LANGUAGE_STANDARD = gnu17;
				GCC_NO_COMMON_BLOCKS = YES;
				GCC_WARN_64_TO_32_BIT_CONVERSION = YES;
				GCC_WARN_ABOUT_RETURN_TYPE = YES_ERROR;
				GCC_WARN_UNDECLARED_SELECTOR = YES;
				GCC_WARN_UNINITIALIZED_AUTOS = YES_AGGRESSIVE;
				GCC_WARN_UNUSED_FUNCTION = YES;
				GCC_WARN_UNUSED_VARIABLE = YES;
				IPHONEOS_DEPLOYMENT_TARGET = 18.5;
				LOCALIZATION_PREFERS_STRING_CATALOGS = YES;
				MTL_ENABLE_DEBUG_INFO = NO;
				MTL_FAST_MATH = YES;
				SDKROOT = iphoneos;
				SWIFT_COMPILATION_MODE = wholemodule;
				VALIDATE_PRODUCT = YES;
			};
			name = Release;
		};
		307DFF742F65495400B3C4E4 /* Debug */ = {
			isa = XCBuildConfiguration;
			buildSettings = {
				ASSETCATALOG_COMPILER_APPICON_NAME = AppIcon;
				ASSETCATALOG_COMPILER_GLOBAL_ACCENT_COLOR_NAME = AccentColor;
				CODE_SIGN_STYLE = Automatic;
				CURRENT_PROJECT_VERSION = 1;
				ENABLE_PREVIEWS = YES;
				GENERATE_INFOPLIST_FILE = YES;
				INFOPLIST_KEY_UIApplicationSceneManifest_Generation = YES;
				INFOPLIST_KEY_UIApplicationSupportsIndirectInputEvents = YES;
				INFOPLIST_KEY_UILaunchScreen_Generation = YES;
				INFOPLIST_KEY_UISupportedInterfaceOrientations_iPad = "UIInterfaceOrientationPortrait UIInterfaceOrientationPortraitUpsideDown UIInterfaceOrientationLandscapeLeft UIInterfaceOrientationLandscapeRight";
				INFOPLIST_KEY_UISupportedInterfaceOrientations_iPhone = "UIInterfaceOrientationPortrait UIInterfaceOrientationLandscapeLeft UIInterfaceOrientationLandscapeRight";
				LD_RUNPATH_SEARCH_PATHS = (
					"$(inherited)",
					"@executable_path/Frameworks",
				);
				MARKETING_VERSION = 1.0;
				PRODUCT_BUNDLE_IDENTIFIER = "WemakeAPP.Odiya-Kitchen";
				PRODUCT_NAME = "$(TARGET_NAME)";
				SWIFT_EMIT_LOC_STRINGS = YES;
				SWIFT_VERSION = 5.0;
				TARGETED_DEVICE_FAMILY = "1,2";
			};
			name = Debug;
		};
		307DFF752F65495400B3C4E4 /* Release */ = {
			isa = XCBuildConfiguration;
			buildSettings = {
				ASSETCATALOG_COMPILER_APPICON_NAME = AppIcon;
				ASSETCATALOG_COMPILER_GLOBAL_ACCENT_COLOR_NAME = AccentColor;
				CODE_SIGN_STYLE = Automatic;
				CURRENT_PROJECT_VERSION = 1;
				ENABLE_PREVIEWS = YES;
				GENERATE_INFOPLIST_FILE = YES;
				INFOPLIST_KEY_UIApplicationSceneManifest_Generation = YES;
				INFOPLIST_KEY_UIApplicationSupportsIndirectInputEvents = YES;
				INFOPLIST_KEY_UILaunchScreen_Generation = YES;
				INFOPLIST_KEY_UISupportedInterfaceOrientations_iPad = "UIInterfaceOrientationPortrait UIInterfaceOrientationPortraitUpsideDown UIInterfaceOrientationLandscapeLeft UIInterfaceOrientationLandscapeRight";
				INFOPLIST_KEY_UISupportedInterfaceOrientations_iPhone = "UIInterfaceOrientationPortrait UIInterfaceOrientationLandscapeLeft UIInterfaceOrientationLandscapeRight";
				LD_RUNPATH_SEARCH_PATHS = (
					"$(inherited)",
					"@executable_path/Frameworks",
				);
				MARKETING_VERSION = 1.0;
				PRODUCT_BUNDLE_IDENTIFIER = "WemakeAPP.Odiya-Kitchen";
				PRODUCT_NAME = "$(TARGET_NAME)";
				SWIFT_EMIT_LOC_STRINGS = YES;
				SWIFT_VERSION = 5.0;
				TARGETED_DEVICE_FAMILY = "1,2";
			};
			name = Release;
		};
		307DFF772F65495400B3C4E4 /* Debug */ = {
			isa = XCBuildConfiguration;
			buildSettings = {
				BUNDLE_LOADER = "$(TEST_HOST)";
				CODE_SIGN_STYLE = Automatic;
				CURRENT_PROJECT_VERSION = 1;
				GENERATE_INFOPLIST_FILE = YES;
				IPHONEOS_DEPLOYMENT_TARGET = 18.5;
				MARKETING_VERSION = 1.0;
				PRODUCT_BUNDLE_IDENTIFIER = "WemakeAPP.Odiya-KitchenTests";
				PRODUCT_NAME = "$(TARGET_NAME)";
				SWIFT_EMIT_LOC_STRINGS = NO;
				SWIFT_VERSION = 5.0;
				TARGETED_DEVICE_FAMILY = "1,2";
				TEST_HOST = "$(BUILT_PRODUCTS_DIR)/Odiya_Kitchen.app/$(BUNDLE_EXECUTABLE_FOLDER_PATH)/Odiya_Kitchen";
			};
			name = Debug;
		};
		307DFF782F65495400B3C4E4 /* Release */ = {
			isa = XCBuildConfiguration;
			buildSettings = {
				BUNDLE_LOADER = "$(TEST_HOST)";
				CODE_SIGN_STYLE = Automatic;
				CURRENT_PROJECT_VERSION = 1;
				GENERATE_INFOPLIST_FILE = YES;
				IPHONEOS_DEPLOYMENT_TARGET = 18.5;
				MARKETING_VERSION = 1.0;
				PRODUCT_BUNDLE_IDENTIFIER = "WemakeAPP.Odiya-KitchenTests";
				PRODUCT_NAME = "$(TARGET_NAME)";
				SWIFT_EMIT_LOC_STRINGS = NO;
				SWIFT_VERSION = 5.0;
				TARGETED_DEVICE_FAMILY = "1,2";
				TEST_HOST = "$(BUILT_PRODUCTS_DIR)/Odiya_Kitchen.app/$(BUNDLE_EXECUTABLE_FOLDER_PATH)/Odiya_Kitchen";
			};
			name = Release;
		};
		307DFF7A2F65495400B3C4E4 /* Debug */ = {
			isa = XCBuildConfiguration;
			buildSettings = {
				CODE_SIGN_STYLE = Automatic;
				CURRENT_PROJECT_VERSION = 1;
				GENERATE_INFOPLIST_FILE = YES;
				MARKETING_VERSION = 1.0;
				PRODUCT_BUNDLE_IDENTIFIER = "WemakeAPP.Odiya-KitchenUITests";
				PRODUCT_NAME = "$(TARGET_NAME)";
				SWIFT_EMIT_LOC_STRINGS = NO;
				SWIFT_VERSION = 5.0;
				TARGETED_DEVICE_FAMILY = "1,2";
				TEST_TARGET_NAME = Odiya_Kitchen;
			};
			name = Debug;
		};
		307DFF7B2F65495400B3C4E4 /* Release */ = {
			isa = XCBuildConfiguration;
			buildSettings = {
				CODE_SIGN_STYLE = Automatic;
				CURRENT_PROJECT_VERSION = 1;
				GENERATE_INFOPLIST_FILE = YES;
				MARKETING_VERSION = 1.0;
				PRODUCT_BUNDLE_IDENTIFIER = "WemakeAPP.Odiya-KitchenUITests";
				PRODUCT_NAME = "$(TARGET_NAME)";
				SWIFT_EMIT_LOC_STRINGS = NO;
				SWIFT_VERSION = 5.0;
				TARGETED_DEVICE_FAMILY = "1,2";
				TEST_TARGET_NAME = Odiya_Kitchen;
			};
			name = Release;
		};
/* End XCBuildConfiguration section */

/* Begin XCConfigurationList section */
		307DFF482F65494F00B3C4E4 /* Build configuration list for PBXProject "Odiya_Kitchen" */ = {
			isa = XCConfigurationList;
			buildConfigurations = (
				307DFF712F65495400B3C4E4 /* Debug */,
				307DFF722F65495400B3C4E4 /* Release */,
			);
			defaultConfigurationIsVisible = 0;
			defaultConfigurationName = Release;
		};
		307DFF732F65495400B3C4E4 /* Build configuration list for PBXNativeTarget "Odiya_Kitchen" */ = {
			isa = XCConfigurationList;
			buildConfigurations = (
				307DFF742F65495400B3C4E4 /* Debug */,
				307DFF752F65495400B3C4E4 /* Release */,
			);
			defaultConfigurationIsVisible = 0;
			defaultConfigurationName = Release;
		};
		307DFF762F65495400B3C4E4 /* Build configuration list for PBXNativeTarget "Odiya_KitchenTests" */ = {
			isa = XCConfigurationList;
			buildConfigurations = (
				307DFF772F65495400B3C4E4 /* Debug */,
				307DFF782F65495400B3C4E4 /* Release */,
			);
			defaultConfigurationIsVisible = 0;
			defaultConfigurationName = Release;
		};
		307DFF792F65495400B3C4E4 /* Build configuration list for PBXNativeTarget "Odiya_KitchenUITests" */ = {
			isa = XCConfigurationList;
			buildConfigurations = (
				307DFF7A2F65495400B3C4E4 /* Debug */,
				307DFF7B2F65495400B3C4E4 /* Release */,
			);
			defaultConfigurationIsVisible = 0;
			defaultConfigurationName = Release;
		};
/* End XCConfigurationList section */
	};
	rootObject = 307DFF452F65494F00B3C4E4 /* Project object */;
}
